Microsoft Visual Studio Solution File, Format Version 12.00
# Visual Studio Version 17
VisualStudioVersion = 17.12.35506.116
MinimumVisualStudioVersion = 10.0.40219.1
Project("{FAE04EC0-301F-11D3-BF4B-00C04F79EFBC}") = "01. Universal Badge", "01. Universal Badge\01. Universal Badge.csproj", "{171CFA24-CD7F-4E15-81A8-A2276D3EA017}"
EndProject
Project("{FAE04EC0-301F-11D3-BF4B-00C04F79EFBC}") = "02. Medal Table", "02. Medal Table\02. Medal Table.csproj", "{5C0C44D5-2A5F-41BB-9147-05A521BEF541}"
EndProject
Project("{FAE04EC0-301F-11D3-BF4B-00C04F79EFBC}") = "03. Kayak Cross", "03. Kayak Cross\03. Kayak Cross.csproj", "{1FF8861C-B372-4E00-8595-C187CB2EAAA6}"
EndProject
Project("{FAE04EC0-301F-11D3-BF4B-00C04F79EFBC}") = "04. Climbing", "04. Climbing\04. Climbing.csproj", "{58B23AAF-3B48-4051-B571-3041437EA31D}"
EndProject
Project("{FAE04EC0-301F-11D3-BF4B-00C04F79EFBC}") = "05. Artistic Diving", "05. Artistic Diving\05. Artistic Diving.csproj", "{C4B6A6A7-FEBF-4BC0-86BB-6932E5F0B7EC}"
EndProject
Project("{FAE04EC0-301F-11D3-BF4B-00C04F79EFBC}") = "06. Control Circuit", "06. Control Circuit\06. Control Circuit.csproj", "{5C440F1A-EABE-46FC-9767-ACCA23F7DB84}"
EndProject
Project("{FAE04EC0-301F-11D3-BF4B-00C04F79EFBC}") = "Tests", "Tests\Tests.csproj", "{607A8FF8-C74A-462F-993B-BBE426E57788}"
EndProject
Global
	GlobalSection(SolutionConfigurationPlatforms) = preSolution
		Debug|Any CPU = Debug|Any CPU
		Release|Any CPU = Release|Any CPU
	EndGlobalSection
	GlobalSection(ProjectConfigurationPlatforms) = postSolution
		{171CFA24-CD7F-4E15-81A8-A2276D3EA017}.Debug|Any CPU.ActiveCfg = Debug|Any CPU
		{171CFA24-CD7F-4E15-81A8-A2276D3EA017}.Debug|Any CPU.Build.0 = Debug|Any CPU
		{171CFA24-CD7F-4E15-81A8-A2276D3EA017}.Release|Any CPU.ActiveCfg = Release|Any CPU
		{171CFA24-CD7F-4E15-81A8-A2276D3EA017}.Release|Any CPU.Build.0 = Release|Any CPU
		{5C0C44D5-2A5F-41BB-9147-05A521BEF541}.Debug|Any CPU.ActiveCfg = Debug|Any CPU
		{5C0C44D5-2A5F-41BB-9147-05A521BEF541}.Debug|Any CPU.Build.0 = Debug|Any CPU
		{5C0C44D5-2A5F-41BB-9147-05A521BEF541}.Release|Any CPU.ActiveCfg = Release|Any CPU
		{5C0C44D5-2A5F-41BB-9147-05A521BEF541}.Release|Any CPU.Build.0 = Release|Any CPU
		{1FF8861C-B372-4E00-8595-C187CB2EAAA6}.Debug|Any CPU.ActiveCfg = Debug|Any CPU
		{1FF8861C-B372-4E00-8595-C187CB2EAAA6}.Debug|Any CPU.Build.0 = Debug|Any CPU
		{1FF8861C-B372-4E00-8595-C187CB2EAAA6}.Release|Any CPU.ActiveCfg = Release|Any CPU
		{1FF8861C-B372-4E00-8595-C187CB2EAAA6}.Release|Any CPU.Build.0 = Release|Any CPU
		{58B23AAF-3B48-4051-B571-3041437EA31D}.Debug|Any CPU.ActiveCfg = Debug|Any CPU
		{58B23AAF-3B48-4051-B571-3041437EA31D}.Debug|Any CPU.Build.0 = Debug|Any CPU
		{58B23AAF-3B48-4051-B571-3041437EA31D}.Release|Any CPU.ActiveCfg = Release|Any CPU
		{58B23AAF-3B48-4051-B571-3041437EA31D}.Release|Any CPU.Build.0 = Release|Any CPU
		{C4B6A6A7-FEBF-4BC0-86BB-6932E5F0B7EC}.Debug|Any CPU.ActiveCfg = Debug|Any CPU
		{C4B6A6A7-FEBF-4BC0-86BB-6932E5F0B7EC}.Debug|Any CPU.Build.0 = Debug|Any CPU
		{C4B6A6A7-FEBF-4BC0-86BB-6932E5F0B7EC}.Release|Any CPU.ActiveCfg = Release|Any CPU
		{C4B6A6A7-FEBF-4BC0-86BB-6932E5F0B7EC}.Release|Any CPU.Build.0 = Release|Any CPU
		{5C440F1A-EABE-46FC-9767-ACCA23F7DB84}.Debug|Any CPU.ActiveCfg = Debug|Any CPU
		{5C440F1A-EABE-46FC-9767-ACCA23F7DB84}.Debug|Any CPU.Build.0 = Debug|Any CPU
		{5C440F1A-EABE-46FC-9767-ACCA23F7DB84}.Release|Any CPU.ActiveCfg = Release|Any CPU
		{5C440F1A-EABE-46FC-9767-ACCA23F7DB84}.Release|Any CPU.Build.0 = Release|Any CPU
		{607A8FF8-C74A-462F-993B-BBE426E57788}.Debug|Any CPU.ActiveCfg = Debug|Any CPU
		{607A8FF8-C74A-462F-993B-BBE426E57788}.Debug|Any CPU.Build.0 = Debug|Any CPU
		{607A8FF8-C74A-462F-993B-BBE426E57788}.Release|Any CPU.ActiveCfg = Release|Any CPU
		{607A8FF8-C74A-462F-993B-BBE426E57788}.Release|Any CPU.Build.0 = Release|Any CPU
	EndGlobalSection
	GlobalSection(SolutionProperties) = preSolution
		HideSolutionNode = FALSE
	EndGlobalSection
EndGlobal
